
Microsoft Visual Studio Solution File, Format Version 12.00
# Visual Studio Version 16
VisualStudioVersion = 16.0.29009.5
MinimumVisualStudioVersion = 10.0.40219.1
Project("{8BC9CEB8-8B4A-11D0-8D11-00A0C91BC942}") = "队列", "队列\队列.vcxproj", "{82283BF6-64F8-45DF-9219-A4BE4B29D5E8}"
EndProject
Global
	GlobalSection(SolutionConfigurationPlatforms) = preSolution
		Debug|x64 = Debug|x64
		Debug|x86 = Debug|x86
		Release|x64 = Release|x64
		Release|x86 = Release|x86
	EndGlobalSection
	GlobalSection(ProjectConfigurationPlatforms) = postSolution
		{82283BF6-64F8-45DF-9219-A4BE4B29D5E8}.Debug|x64.ActiveCfg = Debug|x64
		{82283BF6-64F8-45DF-9219-A4BE4B29D5E8}.Debug|x64.Build.0 = Debug|x64
		{82283BF6-64F8-45DF-9219-A4BE4B29D5E8}.Debug|x86.ActiveCfg = Debug|Win32
		{82283BF6-64F8-45DF-9219-A4BE4B29D5E8}.Debug|x86.Build.0 = Debug|Win32
		{82283BF6-64F8-45DF-9219-A4BE4B29D5E8}.Release|x64.ActiveCfg = Release|x64
		{82283BF6-64F8-45DF-9219-A4BE4B29D5E8}.Release|x64.Build.0 = Release|x64
		{82283BF6-64F8-45DF-9219-A4BE4B29D5E8}.Release|x86.ActiveCfg = Release|Win32
		{82283BF6-64F8-45DF-9219-A4BE4B29D5E8}.Release|x86.Build.0 = Release|Win32
	EndGlobalSection
	GlobalSection(SolutionProperties) = preSolution
		HideSolutionNode = FALSE
	EndGlobalSection
	GlobalSection(ExtensibilityGlobals) = postSolution
		SolutionGuid = {948962BE-C779-4134-AC4C-60408FC20409}
	EndGlobalSection
EndGlobal
